
Microsoft Visual Studio Solution File, Format Version 12.00
# Visual Studio Version 16
VisualStudioVersion = 16.0.31911.196
MinimumVisualStudioVersion = 10.0.40219.1
Project("{FAE04EC0-301F-11D3-BF4B-00C04F79EFBC}") = "PRFT1", "PRFT1.csproj", "{077BFACC-89D2-4A2C-BF4A-B48F96283989}"
EndProject
Global
	GlobalSection(SolutionConfigurationPlatforms) = preSolution
		Debug|Any CPU = Debug|Any CPU
		Release|Any CPU = Release|Any CPU
	EndGlobalSection
	GlobalSection(ProjectConfigurationPlatforms) = postSolution
		{077BFACC-89D2-4A2C-BF4A-B48F96283989}.Debug|Any CPU.ActiveCfg = Debug|Any CPU
		{077BFACC-89D2-4A2C-BF4A-B48F96283989}.Debug|Any CPU.Build.0 = Debug|Any CPU
		{077BFACC-89D2-4A2C-BF4A-B48F96283989}.Release|Any CPU.ActiveCfg = Release|Any CPU
		{077BFACC-89D2-4A2C-BF4A-B48F96283989}.Release|Any CPU.Build.0 = Release|Any CPU
	EndGlobalSection
	GlobalSection(SolutionProperties) = preSolution
		HideSolutionNode = FALSE
	EndGlobalSection
	GlobalSection(ExtensibilityGlobals) = postSolution
		SolutionGuid = {16521D51-79EA-4B08-81CF-EBE77795CBFD}
	EndGlobalSection
EndGlobal
